
Microsoft Visual Studio Solution File, Format Version 12.00
# Visual Studio 15
VisualStudioVersion = 15.0.28307.421
MinimumVisualStudioVersion = 10.0.40219.1
Project("{9A19103F-16F7-4668-BE54-9A1E7A4F7556}") = "FileManagerAPI", "FileManagerAPI\FileManagerAPI.csproj", "{CC8866CD-F621-4849-9ECB-69F813BE911C}"
EndProject
Project("{9A19103F-16F7-4668-BE54-9A1E7A4F7556}") = "FileManagerBussinessLogic", "FileManagerBussinessLogic\FileManagerBussinessLogic.csproj", "{0DC6176A-87DB-4D65-AA09-5F44E80EB1B7}"
EndProject
Project("{9A19103F-16F7-4668-BE54-9A1E7A4F7556}") = "FileManagerDBLogic", "FileManagerDBLogic\FileManagerDBLogic.csproj", "{6BD39D47-AFFA-41C5-B5EB-B8BDF9B3228F}"
EndProject
Project("{9A19103F-16F7-4668-BE54-9A1E7A4F7556}") = "UnitTest", "UnitTest\UnitTest.csproj", "{DB420561-9C91-40B9-9FA9-C965D8D18E4F}"
EndProject
Project("{FAE04EC0-301F-11D3-BF4B-00C04F79EFBC}") = "FileManagerSocket", "FileManagerSocket\FileManagerSocket.csproj", "{9AAC7D15-5DEE-4332-B9E8-AC3312670569}"
EndProject
Global
	GlobalSection(SolutionConfigurationPlatforms) = preSolution
		Debug|Any CPU = Debug|Any CPU
		Release|Any CPU = Release|Any CPU
	EndGlobalSection
	GlobalSection(ProjectConfigurationPlatforms) = postSolution
		{CC8866CD-F621-4849-9ECB-69F813BE911C}.Debug|Any CPU.ActiveCfg = Debug|Any CPU
		{CC8866CD-F621-4849-9ECB-69F813BE911C}.Debug|Any CPU.Build.0 = Debug|Any CPU
		{CC8866CD-F621-4849-9ECB-69F813BE911C}.Release|Any CPU.ActiveCfg = Release|Any CPU
		{CC8866CD-F621-4849-9ECB-69F813BE911C}.Release|Any CPU.Build.0 = Release|Any CPU
		{0DC6176A-87DB-4D65-AA09-5F44E80EB1B7}.Debug|Any CPU.ActiveCfg = Debug|Any CPU
		{0DC6176A-87DB-4D65-AA09-5F44E80EB1B7}.Debug|Any CPU.Build.0 = Debug|Any CPU
		{0DC6176A-87DB-4D65-AA09-5F44E80EB1B7}.Release|Any CPU.ActiveCfg = Release|Any CPU
		{0DC6176A-87DB-4D65-AA09-5F44E80EB1B7}.Release|Any CPU.Build.0 = Release|Any CPU
		{6BD39D47-AFFA-41C5-B5EB-B8BDF9B3228F}.Debug|Any CPU.ActiveCfg = Debug|Any CPU
		{6BD39D47-AFFA-41C5-B5EB-B8BDF9B3228F}.Debug|Any CPU.Build.0 = Debug|Any CPU
		{6BD39D47-AFFA-41C5-B5EB-B8BDF9B3228F}.Release|Any CPU.ActiveCfg = Release|Any CPU
		{6BD39D47-AFFA-41C5-B5EB-B8BDF9B3228F}.Release|Any CPU.Build.0 = Release|Any CPU
		{DB420561-9C91-40B9-9FA9-C965D8D18E4F}.Debug|Any CPU.ActiveCfg = Debug|Any CPU
		{DB420561-9C91-40B9-9FA9-C965D8D18E4F}.Debug|Any CPU.Build.0 = Debug|Any CPU
		{DB420561-9C91-40B9-9FA9-C965D8D18E4F}.Release|Any CPU.ActiveCfg = Release|Any CPU
		{DB420561-9C91-40B9-9FA9-C965D8D18E4F}.Release|Any CPU.Build.0 = Release|Any CPU
		{9AAC7D15-5DEE-4332-B9E8-AC3312670569}.Debug|Any CPU.ActiveCfg = Debug|Any CPU
		{9AAC7D15-5DEE-4332-B9E8-AC3312670569}.Debug|Any CPU.Build.0 = Debug|Any CPU
		{9AAC7D15-5DEE-4332-B9E8-AC3312670569}.Release|Any CPU.ActiveCfg = Release|Any CPU
		{9AAC7D15-5DEE-4332-B9E8-AC3312670569}.Release|Any CPU.Build.0 = Release|Any CPU
	EndGlobalSection
	GlobalSection(SolutionProperties) = preSolution
		HideSolutionNode = FALSE
	EndGlobalSection
	GlobalSection(ExtensibilityGlobals) = postSolution
		SolutionGuid = {B853DFAB-B190-4974-BD8D-F99474BEA6AC}
	EndGlobalSection
EndGlobal
